// !$*UTF8*$!
{
	archiveVersion = 1;
	classes = {
	};
	objectVersion = 56;
	objects = {

/* Begin PBXBuildFile section */
		3167EF222B82DD8A003445E8 /* RomanNumeralConverterApp.swift in Sources */ = {isa = PBXBuildFile; fileRef = 3167EF212B82DD8A003445E8 /* RomanNumeralConverterApp.swift */; };
		3167EF242B82DD8A003445E8 /* ContentView.swift in Sources */ = {isa = PBXBuildFile; fileRef = 3167EF232B82DD8A003445E8 /* ContentView.swift */; };
		3167EF262B82DD8B003445E8 /* Assets.xcassets in Resources */ = {isa = PBXBuildFile; fileRef = 3167EF252B82DD8B003445E8 /* Assets.xcassets */; };
		3167EF292B82DD8B003445E8 /* Preview Assets.xcassets in Resources */ = {isa = PBXBuildFile; fileRef = 3167EF282B82DD8B003445E8 /* Preview Assets.xcassets */; };
		3167EF332B82DD8B003445E8 /* RomanNumeralConverterTests.swift in Sources */ = {isa = PBXBuildFile; fileRef = 3167EF322B82DD8B003445E8 /* RomanNumeralConverterTests.swift */; };
		3167EF3D2B82DD8B003445E8 /* RomanNumeralConverterUITests.swift in Sources */ = {isa = PBXBuildFile; fileRef = 3167EF3C2B82DD8B003445E8 /* RomanNumeralConverterUITests.swift */; };
		3167EF3F2B82DD8B003445E8 /* RomanNumeralConverterUITestsLaunchTests.swift in Sources */ = {isa = PBXBuildFile; fileRef = 3167EF3E2B82DD8B003445E8 /* RomanNumeralConverterUITestsLaunchTests.swift */; };
		3167EF542B856B1D003445E8 /* String-Extension.swift in Sources */ = {isa = PBXBuildFile; fileRef = 3167EF532B856B1D003445E8 /* String-Extension.swift */; };
		3167EF552B856B1D003445E8 /* String-Extension.swift in Sources */ = {isa = PBXBuildFile; fileRef = 3167EF532B856B1D003445E8 /* String-Extension.swift */; };
		3167EF562B856B1D003445E8 /* String-Extension.swift in Sources */ = {isa = PBXBuildFile; fileRef = 3167EF532B856B1D003445E8 /* String-Extension.swift */; };
		31FF6F512B965F99003C2183 /* RomanNumeral.swift in Sources */ = {isa = PBXBuildFile; fileRef = 31FF6F502B965F99003C2183 /* RomanNumeral.swift */; };
		31FF6F522B965F99003C2183 /* RomanNumeral.swift in Sources */ = {isa = PBXBuildFile; fileRef = 31FF6F502B965F99003C2183 /* RomanNumeral.swift */; };
		31FF6F532B965F99003C2183 /* RomanNumeral.swift in Sources */ = {isa = PBXBuildFile; fileRef = 31FF6F502B965F99003C2183 /* RomanNumeral.swift */; };
/* End PBXBuildFile section */

/* Begin PBXContainerItemProxy section */
		3167EF2F2B82DD8B003445E8 /* PBXContainerItemProxy */ = {
			isa = PBXContainerItemProxy;
			containerPortal = 3167EF162B82DD8A003445E8 /* Project object */;
			proxyType = 1;
			remoteGlobalIDString = 3167EF1D2B82DD8A003445E8;
			remoteInfo = RomanNumeralConverter;
		};
		3167EF392B82DD8B003445E8 /* PBXContainerItemProxy */ = {
			isa = PBXContainerItemProxy;
			containerPortal = 3167EF162B82DD8A003445E8 /* Project object */;
			proxyType = 1;
			remoteGlobalIDString = 3167EF1D2B82DD8A003445E8;
			remoteInfo = RomanNumeralConverter;
		};
/* End PBXContainerItemProxy section */

/* Begin PBXFileReference section */
		3167EF1E2B82DD8A003445E8 /* RomanNumeralConverter.app */ = {isa = PBXFileReference; explicitFileType = wrapper.application; includeInIndex = 0; path = RomanNumeralConverter.app; sourceTree = BUILT_PRODUCTS_DIR; };
		3167EF212B82DD8A003445E8 /* RomanNumeralConverterApp.swift */ = {isa = PBXFileReference; lastKnownFileType = sourcecode.swift; path = RomanNumeralConverterApp.swift; sourceTree = "<group>"; };
		3167EF232B82DD8A003445E8 /* ContentView.swift */ = {isa = PBXFileReference; lastKnownFileType = sourcecode.swift; path = ContentView.swift; sourceTree = "<group>"; };
		3167EF252B82DD8B003445E8 /* Assets.xcassets */ = {isa = PBXFileReference; lastKnownFileType = folder.assetcatalog; path = Assets.xcassets; sourceTree = "<group>"; };
		3167EF282B82DD8B003445E8 /* Preview Assets.xcassets */ = {isa = PBXFileReference; lastKnownFileType = folder.assetcatalog; path = "Preview Assets.xcassets"; sourceTree = "<group>"; };
		3167EF2E2B82DD8B003445E8 /* RomanNumeralConverterTests.xctest */ = {isa = PBXFileReference; explicitFileType = wrapper.cfbundle; includeInIndex = 0; path = RomanNumeralConverterTests.xctest; sourceTree = BUILT_PRODUCTS_DIR; };
		3167EF322B82DD8B003445E8 /* RomanNumeralConverterTests.swift */ = {isa = PBXFileReference; lastKnownFileType = sourcecode.swift; path = RomanNumeralConverterTests.swift; sourceTree = "<group>"; };
		3167EF382B82DD8B003445E8 /* RomanNumeralConverterUITests.xctest */ = {isa = PBXFileReference; explicitFileType = wrapper.cfbundle; includeInIndex = 0; path = RomanNumeralConverterUITests.xctest; sourceTree = BUILT_PRODUCTS_DIR; };
		3167EF3C2B82DD8B003445E8 /* RomanNumeralConverterUITests.swift */ = {isa = PBXFileReference; lastKnownFileType = sourcecode.swift; path = RomanNumeralConverterUITests.swift; sourceTree = "<group>"; };
		3167EF3E2B82DD8B003445E8 /* RomanNumeralConverterUITestsLaunchTests.swift */ = {isa = PBXFileReference; lastKnownFileType = sourcecode.swift; path = RomanNumeralConverterUITestsLaunchTests.swift; sourceTree = "<group>"; };
		3167EF532B856B1D003445E8 /* String-Extension.swift */ = {isa = PBXFileReference; lastKnownFileType = sourcecode.swift; path = "String-Extension.swift"; sourceTree = "<group>"; };
		31FF6F502B965F99003C2183 /* RomanNumeral.swift */ = {isa = PBXFileReference; fileEncoding = 4; lastKnownFileType = sourcecode.swift; path = RomanNumeral.swift; sourceTree = "<group>"; };
/* End PBXFileReference section */

/* Begin PBXFrameworksBuildPhase section */
		3167EF1B2B82DD8A003445E8 /* Frameworks */ = {
			isa = PBXFrameworksBuildPhase;
			buildActionMask = 2147483647;
			files = (
			);
			runOnlyForDeploymentPostprocessing = 0;
		};
		3167EF2B2B82DD8B003445E8 /* Frameworks */ = {
			isa = PBXFrameworksBuildPhase;
			buildActionMask = 2147483647;
			files = (
			);
			runOnlyForDeploymentPostprocessing = 0;
		};
		3167EF352B82DD8B003445E8 /* Frameworks */ = {
			isa = PBXFrameworksBuildPhase;
			buildActionMask = 2147483647;
			files = (
			);
			runOnlyForDeploymentPostprocessing = 0;
		};
/* End PBXFrameworksBuildPhase section */

/* Begin PBXGroup section */
		3167EF152B82DD8A003445E8 = {
			isa = PBXGroup;
			children = (
				3167EF202B82DD8A003445E8 /* RomanNumeralConverter */,
				3167EF312B82DD8B003445E8 /* RomanNumeralConverterTests */,
				3167EF3B2B82DD8B003445E8 /* RomanNumeralConverterUITests */,
				3167EF1F2B82DD8A003445E8 /* Products */,
			);
			sourceTree = "<group>";
		};
		3167EF1F2B82DD8A003445E8 /* Products */ = {
			isa = PBXGroup;
			children = (
				3167EF1E2B82DD8A003445E8 /* RomanNumeralConverter.app */,
				3167EF2E2B82DD8B003445E8 /* RomanNumeralConverterTests.xctest */,
				3167EF382B82DD8B003445E8 /* RomanNumeralConverterUITests.xctest */,
			);
			name = Products;
			sourceTree = "<group>";
		};
		3167EF202B82DD8A003445E8 /* RomanNumeralConverter */ = {
			isa = PBXGroup;
			children = (
				3167EF212B82DD8A003445E8 /* RomanNumeralConverterApp.swift */,
				3167EF232B82DD8A003445E8 /* ContentView.swift */,
				3167EF252B82DD8B003445E8 /* Assets.xcassets */,
				31FF6F502B965F99003C2183 /* RomanNumeral.swift */,
				3167EF532B856B1D003445E8 /* String-Extension.swift */,
				3167EF272B82DD8B003445E8 /* Preview Content */,
			);
			path = RomanNumeralConverter;
			sourceTree = "<group>";
		};
		3167EF272B82DD8B003445E8 /* Preview Content */ = {
			isa = PBXGroup;
			children = (
				3167EF282B82DD8B003445E8 /* Preview Assets.xcassets */,
			);
			path = "Preview Content";
			sourceTree = "<group>";
		};
		3167EF312B82DD8B003445E8 /* RomanNumeralConverterTests */ = {
			isa = PBXGroup;
			children = (
				3167EF322B82DD8B003445E8 /* RomanNumeralConverterTests.swift */,
			);
			path = RomanNumeralConverterTests;
			sourceTree = "<group>";
		};
		3167EF3B2B82DD8B003445E8 /* RomanNumeralConverterUITests */ = {
			isa = PBXGroup;
			children = (
				3167EF3C2B82DD8B003445E8 /* RomanNumeralConverterUITests.swift */,
				3167EF3E2B82DD8B003445E8 /* RomanNumeralConverterUITestsLaunchTests.swift */,
			);
			path = RomanNumeralConverterUITests;
			sourceTree = "<group>";
		};
/* End PBXGroup section */

/* Begin PBXNativeTarget section */
		3167EF1D2B82DD8A003445E8 /* RomanNumeralConverter */ = {
			isa = PBXNativeTarget;
			buildConfigurationList = 3167EF422B82DD8B003445E8 /* Build configuration list for PBXNativeTarget "RomanNumeralConverter" */;
			buildPhases = (
				3167EF1A2B82DD8A003445E8 /* Sources */,
				3167EF1B2B82DD8A003445E8 /* Frameworks */,
				3167EF1C2B82DD8A003445E8 /* Resources */,
			);
			buildRules = (
			);
			dependencies = (
			);
			name = RomanNumeralConverter;
			productName = RomanNumeralConverter;
			productReference = 3167EF1E2B82DD8A003445E8 /* RomanNumeralConverter.app */;
			productType = "com.apple.product-type.application";
		};
		3167EF2D2B82DD8B003445E8 /* RomanNumeralConverterTests */ = {
			isa = PBXNativeTarget;
			buildConfigurationList = 3167EF452B82DD8B003445E8 /* Build configuration list for PBXNativeTarget "RomanNumeralConverterTests" */;
			buildPhases = (
				3167EF2A2B82DD8B003445E8 /* Sources */,
				3167EF2B2B82DD8B003445E8 /* Frameworks */,
				3167EF2C2B82DD8B003445E8 /* Resources */,
			);
			buildRules = (
			);
			dependencies = (
				3167EF302B82DD8B003445E8 /* PBXTargetDependency */,
			);
			name = RomanNumeralConverterTests;
			productName = RomanNumeralConverterTests;
			productReference = 3167EF2E2B82DD8B003445E8 /* RomanNumeralConverterTests.xctest */;
			productType = "com.apple.product-type.bundle.unit-test";
		};
		3167EF372B82DD8B003445E8 /* RomanNumeralConverterUITests */ = {
			isa = PBXNativeTarget;
			buildConfigurationList = 3167EF482B82DD8B003445E8 /* Build configuration list for PBXNativeTarget "RomanNumeralConverterUITests" */;
			buildPhases = (
				3167EF342B82DD8B003445E8 /* Sources */,
				3167EF352B82DD8B003445E8 /* Frameworks */,
				3167EF362B82DD8B003445E8 /* Resources */,
			);
			buildRules = (
			);
			dependencies = (
				3167EF3A2B82DD8B003445E8 /* PBXTargetDependency */,
			);
			name = RomanNumeralConverterUITests;
			productName = RomanNumeralConverterUITests;
			productReference = 3167EF382B82DD8B003445E8 /* RomanNumeralConverterUITests.xctest */;
			productType = "com.apple.product-type.bundle.ui-testing";
		};
/* End PBXNativeTarget section */

/* Begin PBXProject section */
		3167EF162B82DD8A003445E8 /* Project object */ = {
			isa = PBXProject;
			attributes = {
				BuildIndependentTargetsInParallel = 1;
				LastSwiftUpdateCheck = 1500;
				LastUpgradeCheck = 1500;
				TargetAttributes = {
					3167EF1D2B82DD8A003445E8 = {
						CreatedOnToolsVersion = 15.0.1;
					};
					3167EF2D2B82DD8B003445E8 = {
						CreatedOnToolsVersion = 15.0.1;
						TestTargetID = 3167EF1D2B82DD8A003445E8;
					};
					3167EF372B82DD8B003445E8 = {
						CreatedOnToolsVersion = 15.0.1;
						TestTargetID = 3167EF1D2B82DD8A003445E8;
					};
				};
			};
			buildConfigurationList = 3167EF192B82DD8A003445E8 /* Build configuration list for PBXProject "RomanNumeralConverter" */;
			compatibilityVersion = "Xcode 14.0";
			developmentRegion = en;
			hasScannedForEncodings = 0;
			knownRegions = (
				en,
				Base,
			);
			mainGroup = 3167EF152B82DD8A003445E8;
			productRefGroup = 3167EF1F2B82DD8A003445E8 /* Products */;
			projectDirPath = "";
			projectRoot = "";
			targets = (
				3167EF1D2B82DD8A003445E8 /* RomanNumeralConverter */,
				3167EF2D2B82DD8B003445E8 /* RomanNumeralConverterTests */,
				3167EF372B82DD8B003445E8 /* RomanNumeralConverterUITests */,
			);
		};
/* End PBXProject section */

/* Begin PBXResourcesBuildPhase section */
		3167EF1C2B82DD8A003445E8 /* Resources */ = {
			isa = PBXResourcesBuildPhase;
			buildActionMask = 2147483647;
			files = (
				3167EF292B82DD8B003445E8 /* Preview Assets.xcassets in Resources */,
				3167EF262B82DD8B003445E8 /* Assets.xcassets in Resources */,
			);
			runOnlyForDeploymentPostprocessing = 0;
		};
		3167EF2C2B82DD8B003445E8 /* Resources */ = {
			isa = PBXResourcesBuildPhase;
			buildActionMask = 2147483647;
			files = (
			);
			runOnlyForDeploymentPostprocessing = 0;
		};
		3167EF362B82DD8B003445E8 /* Resources */ = {
			isa = PBXResourcesBuildPhase;
			buildActionMask = 2147483647;
			files = (
			);
			runOnlyForDeploymentPostprocessing = 0;
		};
/* End PBXResourcesBuildPhase section */

/* Begin PBXSourcesBuildPhase section */
		3167EF1A2B82DD8A003445E8 /* Sources */ = {
			isa = PBXSourcesBuildPhase;
			buildActionMask = 2147483647;
			files = (
				3167EF242B82DD8A003445E8 /* ContentView.swift in Sources */,
				3167EF222B82DD8A003445E8 /* RomanNumeralConverterApp.swift in Sources */,
				31FF6F512B965F99003C2183 /* RomanNumeral.swift in Sources */,
				3167EF542B856B1D003445E8 /* String-Extension.swift in Sources */,
			);
			runOnlyForDeploymentPostprocessing = 0;
		};
		3167EF2A2B82DD8B003445E8 /* Sources */ = {
			isa = PBXSourcesBuildPhase;
			buildActionMask = 2147483647;
			files = (
				3167EF332B82DD8B003445E8 /* RomanNumeralConverterTests.swift in Sources */,
				3167EF552B856B1D003445E8 /* String-Extension.swift in Sources */,
				31FF6F522B965F99003C2183 /* RomanNumeral.swift in Sources */,
			);
			runOnlyForDeploymentPostprocessing = 0;
		};
		3167EF342B82DD8B003445E8 /* Sources */ = {
			isa = PBXSourcesBuildPhase;
			buildActionMask = 2147483647;
			files = (
				3167EF3F2B82DD8B003445E8 /* RomanNumeralConverterUITestsLaunchTests.swift in Sources */,
				3167EF3D2B82DD8B003445E8 /* RomanNumeralConverterUITests.swift in Sources */,
				31FF6F532B965F99003C2183 /* RomanNumeral.swift in Sources */,
				3167EF562B856B1D003445E8 /* String-Extension.swift in Sources */,
			);
			runOnlyForDeploymentPostprocessing = 0;
		};
/* End PBXSourcesBuildPhase section */

/* Begin PBXTargetDependency section */
		3167EF302B82DD8B003445E8 /* PBXTargetDependency */ = {
			isa = PBXTargetDependency;
			target = 3167EF1D2B82DD8A003445E8 /* RomanNumeralConverter */;
			targetProxy = 3167EF2F2B82DD8B003445E8 /* PBXContainerItemProxy */;
		};
		3167EF3A2B82DD8B003445E8 /* PBXTargetDependency */ = {
			isa = PBXTargetDependency;
			target = 3167EF1D2B82DD8A003445E8 /* RomanNumeralConverter */;
			targetProxy = 3167EF392B82DD8B003445E8 /* PBXContainerItemProxy */;
		};
/* End PBXTargetDependency section */

/* Begin XCBuildConfiguration section */
		3167EF402B82DD8B003445E8 /* Debug */ = {
			isa = XCBuildConfiguration;
			buildSettings = {
				ALWAYS_SEARCH_USER_PATHS = NO;
				ASSETCATALOG_COMPILER_GENERATE_SWIFT_ASSET_SYMBOL_EXTENSIONS = YES;
				CLANG_ANALYZER_NONNULL = YES;
				CLANG_ANALYZER_NUMBER_OBJECT_CONVERSION = YES_AGGRESSIVE;
				CLANG_CXX_LANGUAGE_STANDARD = "gnu++20";
				CLANG_ENABLE_MODULES = YES;
				CLANG_ENABLE_OBJC_ARC = YES;
				CLANG_ENABLE_OBJC_WEAK = YES;
				CLANG_WARN_BLOCK_CAPTURE_AUTORELEASING = YES;
				CLANG_WARN_BOOL_CONVERSION = YES;
				CLANG_WARN_COMMA = YES;
				CLANG_WARN_CONSTANT_CONVERSION = YES;
				CLANG_WARN_DEPRECATED_OBJC_IMPLEMENTATIONS = YES;
				CLANG_WARN_DIRECT_OBJC_ISA_USAGE = YES_ERROR;
				CLANG_WARN_DOCUMENTATION_COMMENTS = YES;
				CLANG_WARN_EMPTY_BODY = YES;
				CLANG_WARN_ENUM_CONVERSION = YES;
				CLANG_WARN_INFINITE_RECURSION = YES;
				CLANG_WARN_INT_CONVERSION = YES;
				CLANG_WARN_NON_LITERAL_NULL_CONVERSION = YES;
				CLANG_WARN_OBJC_IMPLICIT_RETAIN_SELF = YES;
				CLANG_WARN_OBJC_LITERAL_CONVERSION = YES;
				CLANG_WARN_OBJC_ROOT_CLASS = YES_ERROR;
				CLANG_WARN_QUOTED_INCLUDE_IN_FRAMEWORK_HEADER = YES;
				CLANG_WARN_RANGE_LOOP_ANALYSIS = YES;
				CLANG_WARN_STRICT_PROTOTYPES = YES;
				CLANG_WARN_SUSPICIOUS_MOVE = YES;
				CLANG_WARN_UNGUARDED_AVAILABILITY = YES_AGGRESSIVE;
				CLANG_WARN_UNREACHABLE_CODE = YES;
				CLANG_WARN__DUPLICATE_METHOD_MATCH = YES;
				COPY_PHASE_STRIP = NO;
				DEBUG_INFORMATION_FORMAT = dwarf;
				ENABLE_STRICT_OBJC_MSGSEND = YES;
				ENABLE_TESTABILITY = YES;
				ENABLE_USER_SCRIPT_SANDBOXING = YES;
				GCC_C_LANGUAGE_STANDARD = gnu17;
				GCC_DYNAMIC_NO_PIC = NO;
				GCC_NO_COMMON_BLOCKS = YES;
				GCC_OPTIMIZATION_LEVEL = 0;
				GCC_PREPROCESSOR_DEFINITIONS = (
					"DEBUG=1",
					"$(inherited)",
				);
				GCC_WARN_64_TO_32_BIT_CONVERSION = YES;
				GCC_WARN_ABOUT_RETURN_TYPE = YES_ERROR;
				GCC_WARN_UNDECLARED_SELECTOR = YES;
				GCC_WARN_UNINITIALIZED_AUTOS = YES_AGGRESSIVE;
				GCC_WARN_UNUSED_FUNCTION = YES;
				GCC_WARN_UNUSED_VARIABLE = YES;
				IPHONEOS_DEPLOYMENT_TARGET = 17.0;
				LOCALIZATION_PREFERS_STRING_CATALOGS = YES;
				MTL_ENABLE_DEBUG_INFO = INCLUDE_SOURCE;
				MTL_FAST_MATH = YES;
				ONLY_ACTIVE_ARCH = YES;
				SDKROOT = iphoneos;
				SWIFT_ACTIVE_COMPILATION_CONDITIONS = "DEBUG $(inherited)";
				SWIFT_OPTIMIZATION_LEVEL = "-Onone";
			};
			name = Debug;
		};
		3167EF412B82DD8B003445E8 /* Release */ = {
			isa = XCBuildConfiguration;
			buildSettings = {
				ALWAYS_SEARCH_USER_PATHS = NO;
				ASSETCATALOG_COMPILER_GENERATE_SWIFT_ASSET_SYMBOL_EXTENSIONS = YES;
				CLANG_ANALYZER_NONNULL = YES;
				CLANG_ANALYZER_NUMBER_OBJECT_CONVERSION = YES_AGGRESSIVE;
				CLANG_CXX_LANGUAGE_STANDARD = "gnu++20";
				CLANG_ENABLE_MODULES = YES;
				CLANG_ENABLE_OBJC_ARC = YES;
				CLANG_ENABLE_OBJC_WEAK = YES;
				CLANG_WARN_BLOCK_CAPTURE_AUTORELEASING = YES;
				CLANG_WARN_BOOL_CONVERSION = YES;
				CLANG_WARN_COMMA = YES;
				CLANG_WARN_CONSTANT_CONVERSION = YES;
				CLANG_WARN_DEPRECATED_OBJC_IMPLEMENTATIONS = YES;
				CLANG_WARN_DIRECT_OBJC_ISA_USAGE = YES_ERROR;
				CLANG_WARN_DOCUMENTATION_COMMENTS = YES;
				CLANG_WARN_EMPTY_BODY = YES;
				CLANG_WARN_ENUM_CONVERSION = YES;
				CLANG_WARN_INFINITE_RECURSION = YES;
				CLANG_WARN_INT_CONVERSION = YES;
				CLANG_WARN_NON_LITERAL_NULL_CONVERSION = YES;
				CLANG_WARN_OBJC_IMPLICIT_RETAIN_SELF = YES;
				CLANG_WARN_OBJC_LITERAL_CONVERSION = YES;
				CLANG_WARN_OBJC_ROOT_CLASS = YES_ERROR;
				CLANG_WARN_QUOTED_INCLUDE_IN_FRAMEWORK_HEADER = YES;
				CLANG_WARN_RANGE_LOOP_ANALYSIS = YES;
				CLANG_WARN_STRICT_PROTOTYPES = YES;
				CLANG_WARN_SUSPICIOUS_MOVE = YES;
				CLANG_WARN_UNGUARDED_AVAILABILITY = YES_AGGRESSIVE;
				CLANG_WARN_UNREACHABLE_CODE = YES;
				CLANG_WARN__DUPLICATE_METHOD_MATCH = YES;
				COPY_PHASE_STRIP = NO;
				DEBUG_INFORMATION_FORMAT = "dwarf-with-dsym";
				ENABLE_NS_ASSERTIONS = NO;
				ENABLE_STRICT_OBJC_MSGSEND = YES;
				ENABLE_USER_SCRIPT_SANDBOXING = YES;
				GCC_C_LANGUAGE_STANDARD = gnu17;
				GCC_NO_COMMON_BLOCKS = YES;
				GCC_WARN_64_TO_32_BIT_CONVERSION = YES;
				GCC_WARN_ABOUT_RETURN_TYPE = YES_ERROR;
				GCC_WARN_UNDECLARED_SELECTOR = YES;
				GCC_WARN_UNINITIALIZED_AUTOS = YES_AGGRESSIVE;
				GCC_WARN_UNUSED_FUNCTION = YES;
				GCC_WARN_UNUSED_VARIABLE = YES;
				IPHONEOS_DEPLOYMENT_TARGET = 17.0;
				LOCALIZATION_PREFERS_STRING_CATALOGS = YES;
				MTL_ENABLE_DEBUG_INFO = NO;
				MTL_FAST_MATH = YES;
				SDKROOT = iphoneos;
				SWIFT_COMPILATION_MODE = wholemodule;
				VALIDATE_PRODUCT = YES;
			};
			name = Release;
		};
		3167EF432B82DD8B003445E8 /* Debug */ = {
			isa = XCBuildConfiguration;
			buildSettings = {
				ASSETCATALOG_COMPILER_APPICON_NAME = AppIcon;
				ASSETCATALOG_COMPILER_GLOBAL_ACCENT_COLOR_NAME = AccentColor;
				CODE_SIGN_STYLE = Automatic;
				CURRENT_PROJECT_VERSION = 1;
				DEVELOPMENT_ASSET_PATHS = "\"RomanNumeralConverter/Preview Content\"";
				ENABLE_PREVIEWS = YES;
				GENERATE_INFOPLIST_FILE = YES;
				INFOPLIST_KEY_UIApplicationSceneManifest_Generation = YES;
				INFOPLIST_KEY_UIApplicationSupportsIndirectInputEvents = YES;
				INFOPLIST_KEY_UILaunchScreen_Generation = YES;
				INFOPLIST_KEY_UISupportedInterfaceOrientations_iPad = "UIInterfaceOrientationPortrait UIInterfaceOrientationPortraitUpsideDown UIInterfaceOrientationLandscapeLeft UIInterfaceOrientationLandscapeRight";
				INFOPLIST_KEY_UISupportedInterfaceOrientations_iPhone = "UIInterfaceOrientationPortrait UIInterfaceOrientationLandscapeLeft UIInterfaceOrientationLandscapeRight";
				LD_RUNPATH_SEARCH_PATHS = (
					"$(inherited)",
					"@executable_path/Frameworks",
				);
				MARKETING_VERSION = 1.0;
				PRODUCT_BUNDLE_IDENTIFIER = dev.johnnyo.RomanNumeralConverter;
				PRODUCT_NAME = "$(TARGET_NAME)";
				SWIFT_EMIT_LOC_STRINGS = YES;
				SWIFT_VERSION = 5.0;
				TARGETED_DEVICE_FAMILY = "1,2";
			};
			name = Debug;
		};
		3167EF442B82DD8B003445E8 /* Release */ = {
			isa = XCBuildConfiguration;
			buildSettings = {
				ASSETCATALOG_COMPILER_APPICON_NAME = AppIcon;
				ASSETCATALOG_COMPILER_GLOBAL_ACCENT_COLOR_NAME = AccentColor;
				CODE_SIGN_STYLE = Automatic;
				CURRENT_PROJECT_VERSION = 1;
				DEVELOPMENT_ASSET_PATHS = "\"RomanNumeralConverter/Preview Content\"";
				ENABLE_PREVIEWS = YES;
				GENERATE_INFOPLIST_FILE = YES;
				INFOPLIST_KEY_UIApplicationSceneManifest_Generation = YES;
				INFOPLIST_KEY_UIApplicationSupportsIndirectInputEvents = YES;
				INFOPLIST_KEY_UILaunchScreen_Generation = YES;
				INFOPLIST_KEY_UISupportedInterfaceOrientations_iPad = "UIInterfaceOrientationPortrait UIInterfaceOrientationPortraitUpsideDown UIInterfaceOrientationLandscapeLeft UIInterfaceOrientationLandscapeRight";
				INFOPLIST_KEY_UISupportedInterfaceOrientations_iPhone = "UIInterfaceOrientationPortrait UIInterfaceOrientationLandscapeLeft UIInterfaceOrientationLandscapeRight";
				LD_RUNPATH_SEARCH_PATHS = (
					"$(inherited)",
					"@executable_path/Frameworks",
				);
				MARKETING_VERSION = 1.0;
				PRODUCT_BUNDLE_IDENTIFIER = dev.johnnyo.RomanNumeralConverter;
				PRODUCT_NAME = "$(TARGET_NAME)";
				SWIFT_EMIT_LOC_STRINGS = YES;
				SWIFT_VERSION = 5.0;
				TARGETED_DEVICE_FAMILY = "1,2";
			};
			name = Release;
		};
		3167EF462B82DD8B003445E8 /* Debug */ = {
			isa = XCBuildConfiguration;
			buildSettings = {
				ALWAYS_EMBED_SWIFT_STANDARD_LIBRARIES = YES;
				BUNDLE_LOADER = "$(TEST_HOST)";
				CODE_SIGN_STYLE = Automatic;
				CURRENT_PROJECT_VERSION = 1;
				GENERATE_INFOPLIST_FILE = YES;
				IPHONEOS_DEPLOYMENT_TARGET = 17.0;
				MARKETING_VERSION = 1.0;
				PRODUCT_BUNDLE_IDENTIFIER = dev.johnnyo.RomanNumeralConverterTests;
				PRODUCT_NAME = "$(TARGET_NAME)";
				SWIFT_EMIT_LOC_STRINGS = NO;
				SWIFT_VERSION = 5.0;
				TARGETED_DEVICE_FAMILY = "1,2";
				TEST_HOST = "$(BUILT_PRODUCTS_DIR)/RomanNumeralConverter.app/$(BUNDLE_EXECUTABLE_FOLDER_PATH)/RomanNumeralConverter";
			};
			name = Debug;
		};
		3167EF472B82DD8B003445E8 /* Release */ = {
			isa = XCBuildConfiguration;
			buildSettings = {
				ALWAYS_EMBED_SWIFT_STANDARD_LIBRARIES = YES;
				BUNDLE_LOADER = "$(TEST_HOST)";
				CODE_SIGN_STYLE = Automatic;
				CURRENT_PROJECT_VERSION = 1;
				GENERATE_INFOPLIST_FILE = YES;
				IPHONEOS_DEPLOYMENT_TARGET = 17.0;
				MARKETING_VERSION = 1.0;
				PRODUCT_BUNDLE_IDENTIFIER = dev.johnnyo.RomanNumeralConverterTests;
				PRODUCT_NAME = "$(TARGET_NAME)";
				SWIFT_EMIT_LOC_STRINGS = NO;
				SWIFT_VERSION = 5.0;
				TARGETED_DEVICE_FAMILY = "1,2";
				TEST_HOST = "$(BUILT_PRODUCTS_DIR)/RomanNumeralConverter.app/$(BUNDLE_EXECUTABLE_FOLDER_PATH)/RomanNumeralConverter";
			};
			name = Release;
		};
		3167EF492B82DD8B003445E8 /* Debug */ = {
			isa = XCBuildConfiguration;
			buildSettings = {
				ALWAYS_EMBED_SWIFT_STANDARD_LIBRARIES = YES;
				CODE_SIGN_STYLE = Automatic;
				CURRENT_PROJECT_VERSION = 1;
				GENERATE_INFOPLIST_FILE = YES;
				MARKETING_VERSION = 1.0;
				PRODUCT_BUNDLE_IDENTIFIER = dev.johnnyo.RomanNumeralConverterUITests;
				PRODUCT_NAME = "$(TARGET_NAME)";
				SWIFT_EMIT_LOC_STRINGS = NO;
				SWIFT_VERSION = 5.0;
				TARGETED_DEVICE_FAMILY = "1,2";
				TEST_TARGET_NAME = RomanNumeralConverter;
			};
			name = Debug;
		};
		3167EF4A2B82DD8B003445E8 /* Release */ = {
			isa = XCBuildConfiguration;
			buildSettings = {
				ALWAYS_EMBED_SWIFT_STANDARD_LIBRARIES = YES;
				CODE_SIGN_STYLE = Automatic;
				CURRENT_PROJECT_VERSION = 1;
				GENERATE_INFOPLIST_FILE = YES;
				MARKETING_VERSION = 1.0;
				PRODUCT_BUNDLE_IDENTIFIER = dev.johnnyo.RomanNumeralConverterUITests;
				PRODUCT_NAME = "$(TARGET_NAME)";
				SWIFT_EMIT_LOC_STRINGS = NO;
				SWIFT_VERSION = 5.0;
				TARGETED_DEVICE_FAMILY = "1,2";
				TEST_TARGET_NAME = RomanNumeralConverter;
			};
			name = Release;
		};
/* End XCBuildConfiguration section */

/* Begin XCConfigurationList section */
		3167EF192B82DD8A003445E8 /* Build configuration list for PBXProject "RomanNumeralConverter" */ = {
			isa = XCConfigurationList;
			buildConfigurations = (
				3167EF402B82DD8B003445E8 /* Debug */,
				3167EF412B82DD8B003445E8 /* Release */,
			);
			defaultConfigurationIsVisible = 0;
			defaultConfigurationName = Release;
		};
		3167EF422B82DD8B003445E8 /* Build configuration list for PBXNativeTarget "RomanNumeralConverter" */ = {
			isa = XCConfigurationList;
			buildConfigurations = (
				3167EF432B82DD8B003445E8 /* Debug */,
				3167EF442B82DD8B003445E8 /* Release */,
			);
			defaultConfigurationIsVisible = 0;
			defaultConfigurationName = Release;
		};
		3167EF452B82DD8B003445E8 /* Build configuration list for PBXNativeTarget "RomanNumeralConverterTests" */ = {
			isa = XCConfigurationList;
			buildConfigurations = (
				3167EF462B82DD8B003445E8 /* Debug */,
				3167EF472B82DD8B003445E8 /* Release */,
			);
			defaultConfigurationIsVisible = 0;
			defaultConfigurationName = Release;
		};
		3167EF482B82DD8B003445E8 /* Build configuration list for PBXNativeTarget "RomanNumeralConverterUITests" */ = {
			isa = XCConfigurationList;
			buildConfigurations = (
				3167EF492B82DD8B003445E8 /* Debug */,
				3167EF4A2B82DD8B003445E8 /* Release */,
			);
			defaultConfigurationIsVisible = 0;
			defaultConfigurationName = Release;
		};
/* End XCConfigurationList section */
	};
	rootObject = 3167EF162B82DD8A003445E8 /* Project object */;
}
